
Microsoft Visual Studio Solution File, Format Version 12.00
# Visual Studio Version 17
VisualStudioVersion = 17.2.32519.379
MinimumVisualStudioVersion = 10.0.40219.1
Project("{FAE04EC0-301F-11D3-BF4B-00C04F79EFBC}") = "HesapMakinesi", "HesapMakinesi\HesapMakinesi.csproj", "{CE8D505C-2F46-45C7-9781-3744A0C9FECC}"
EndProject
Global
	GlobalSection(SolutionConfigurationPlatforms) = preSolution
		Debug|Any CPU = Debug|Any CPU
		Release|Any CPU = Release|Any CPU
	EndGlobalSection
	GlobalSection(ProjectConfigurationPlatforms) = postSolution
		{CE8D505C-2F46-45C7-9781-3744A0C9FECC}.Debug|Any CPU.ActiveCfg = Debug|Any CPU
		{CE8D505C-2F46-45C7-9781-3744A0C9FECC}.Debug|Any CPU.Build.0 = Debug|Any CPU
		{CE8D505C-2F46-45C7-9781-3744A0C9FECC}.Release|Any CPU.ActiveCfg = Release|Any CPU
		{CE8D505C-2F46-45C7-9781-3744A0C9FECC}.Release|Any CPU.Build.0 = Release|Any CPU
	EndGlobalSection
	GlobalSection(SolutionProperties) = preSolution
		HideSolutionNode = FALSE
	EndGlobalSection
	GlobalSection(ExtensibilityGlobals) = postSolution
		SolutionGuid = {F3B07FFD-F6E2-42CF-871B-F12E28A7D12E}
	EndGlobalSection
EndGlobal
